
Microsoft Visual Studio Solution File, Format Version 12.00
# Visual Studio Version 16
VisualStudioVersion = 16.0.31410.357
MinimumVisualStudioVersion = 10.0.40219.1
Project("{9A19103F-16F7-4668-BE54-9A1E7A4F7556}") = "LibraryRago", "LibraryRago\LibraryRago.csproj", "{B73BFF31-3977-4A32-9665-99702085114A}"
EndProject
Project("{9A19103F-16F7-4668-BE54-9A1E7A4F7556}") = "LibraryRagoMSTest", "LibraryRagoMSTest\LibraryRagoMSTest.csproj", "{555A3BB8-5061-48FE-95EA-24A32FE47C42}"
EndProject
Project("{9A19103F-16F7-4668-BE54-9A1E7A4F7556}") = "LibraryRagoNUnitTest", "LibraryRagoNUnitTest\LibraryRagoNUnitTest.csproj", "{88E472A2-CD90-4677-9D07-D07E79E2DC18}"
EndProject
Project("{FAE04EC0-301F-11D3-BF4B-00C04F79EFBC}") = "LibraryRagoXUnit", "LibraryRagoXUnit\LibraryRagoXUnit.csproj", "{AF8ED36E-B32E-46F9-80E5-517E866D5F27}"
EndProject
Global
	GlobalSection(SolutionConfigurationPlatforms) = preSolution
		Debug|Any CPU = Debug|Any CPU
		Release|Any CPU = Release|Any CPU
	EndGlobalSection
	GlobalSection(ProjectConfigurationPlatforms) = postSolution
		{B73BFF31-3977-4A32-9665-99702085114A}.Debug|Any CPU.ActiveCfg = Debug|Any CPU
		{B73BFF31-3977-4A32-9665-99702085114A}.Debug|Any CPU.Build.0 = Debug|Any CPU
		{B73BFF31-3977-4A32-9665-99702085114A}.Release|Any CPU.ActiveCfg = Release|Any CPU
		{B73BFF31-3977-4A32-9665-99702085114A}.Release|Any CPU.Build.0 = Release|Any CPU
		{555A3BB8-5061-48FE-95EA-24A32FE47C42}.Debug|Any CPU.ActiveCfg = Debug|Any CPU
		{555A3BB8-5061-48FE-95EA-24A32FE47C42}.Debug|Any CPU.Build.0 = Debug|Any CPU
		{555A3BB8-5061-48FE-95EA-24A32FE47C42}.Release|Any CPU.ActiveCfg = Release|Any CPU
		{555A3BB8-5061-48FE-95EA-24A32FE47C42}.Release|Any CPU.Build.0 = Release|Any CPU
		{88E472A2-CD90-4677-9D07-D07E79E2DC18}.Debug|Any CPU.ActiveCfg = Debug|Any CPU
		{88E472A2-CD90-4677-9D07-D07E79E2DC18}.Debug|Any CPU.Build.0 = Debug|Any CPU
		{88E472A2-CD90-4677-9D07-D07E79E2DC18}.Release|Any CPU.ActiveCfg = Release|Any CPU
		{88E472A2-CD90-4677-9D07-D07E79E2DC18}.Release|Any CPU.Build.0 = Release|Any CPU
		{AF8ED36E-B32E-46F9-80E5-517E866D5F27}.Debug|Any CPU.ActiveCfg = Debug|Any CPU
		{AF8ED36E-B32E-46F9-80E5-517E866D5F27}.Debug|Any CPU.Build.0 = Debug|Any CPU
		{AF8ED36E-B32E-46F9-80E5-517E866D5F27}.Release|Any CPU.ActiveCfg = Release|Any CPU
		{AF8ED36E-B32E-46F9-80E5-517E866D5F27}.Release|Any CPU.Build.0 = Release|Any CPU
	EndGlobalSection
	GlobalSection(SolutionProperties) = preSolution
		HideSolutionNode = FALSE
	EndGlobalSection
	GlobalSection(ExtensibilityGlobals) = postSolution
		SolutionGuid = {92BFB784-900D-4C0E-B372-3BB5D587CD84}
	EndGlobalSection
EndGlobal
